
Microsoft Visual Studio Solution File, Format Version 12.00
# Visual Studio 15
VisualStudioVersion = 15.0.27428.2037
MinimumVisualStudioVersion = 10.0.40219.1
Project("{FAE04EC0-301F-11D3-BF4B-00C04F79EFBC}") = "QueueImplementation", "QueueImplementation.csproj", "{571B9C5F-9B20-4AD0-8757-61F6CC212015}"
EndProject
Global
	GlobalSection(SolutionConfigurationPlatforms) = preSolution
		Debug|Any CPU = Debug|Any CPU
		Release|Any CPU = Release|Any CPU
	EndGlobalSection
	GlobalSection(ProjectConfigurationPlatforms) = postSolution
		{571B9C5F-9B20-4AD0-8757-61F6CC212015}.Debug|Any CPU.ActiveCfg = Debug|Any CPU
		{571B9C5F-9B20-4AD0-8757-61F6CC212015}.Debug|Any CPU.Build.0 = Debug|Any CPU
		{571B9C5F-9B20-4AD0-8757-61F6CC212015}.Release|Any CPU.ActiveCfg = Release|Any CPU
		{571B9C5F-9B20-4AD0-8757-61F6CC212015}.Release|Any CPU.Build.0 = Release|Any CPU
	EndGlobalSection
	GlobalSection(SolutionProperties) = preSolution
		HideSolutionNode = FALSE
	EndGlobalSection
	GlobalSection(ExtensibilityGlobals) = postSolution
		SolutionGuid = {684C3DAA-562B-4ECF-9AE1-F704E3231926}
	EndGlobalSection
EndGlobal
